
Microsoft Visual Studio Solution File, Format Version 11.00
# Visual Studio 2010
Project("{FAE04EC0-301F-11D3-BF4B-00C04F79EFBC}") = "Haxxit", "Haxxit\Haxxit.csproj", "{B01910C1-6F35-4467-ACF4-3E4832C49840}"
EndProject
Project("{FAE04EC0-301F-11D3-BF4B-00C04F79EFBC}") = "Haxxit.Tests", "Haxxit.Tests\Haxxit.Tests.csproj", "{19C517C2-ED2E-4B41-B486-4430869723AB}"
EndProject
Project("{2150E333-8FDC-42A3-9474-1A3956D46DE8}") = "Solution Items", "Solution Items", "{199D362D-8D0C-4977-B5BF-AE950734F130}"
	ProjectSection(SolutionItems) = preProject
		Haxxit.vsmdi = Haxxit.vsmdi
		Local.testsettings = Local.testsettings
		TraceAndTestImpact.testsettings = TraceAndTestImpact.testsettings
	EndProjectSection
EndProject
Project("{FAE04EC0-301F-11D3-BF4B-00C04F79EFBC}") = "SimplePubSub", "SimplePubSub\SimplePubSub.csproj", "{84E2B675-787B-4852-AD63-4CE28F4DEC6C}"
EndProject
Project("{FAE04EC0-301F-11D3-BF4B-00C04F79EFBC}") = "SimplePubSub.Tests", "SimplePubSub.Tests\SimplePubSub.Tests.csproj", "{10E730E3-F5A7-402F-A3B2-7479E149E884}"
EndProject
Project("{FAE04EC0-301F-11D3-BF4B-00C04F79EFBC}") = "Haxxit.MonoGame", "Haxxit.MonoGame\Haxxit.MonoGame.csproj", "{85DCC313-9BE8-485F-AAF2-96B80FCD2854}"
EndProject
Project("{FAE04EC0-301F-11D3-BF4B-00C04F79EFBC}") = "Haxxit.MonoGame.ContentBuilder", "Haxxit.MonoGame.Content\Haxxit.MonoGame.ContentBuilder\Haxxit.MonoGame.ContentBuilder.csproj", "{729F371C-58A3-43C3-967A-AC912F98E65C}"
EndProject
Project("{96E2B04D-8817-42C6-938A-82C39BA4D311}") = "Haxxit.MonoGame.Content", "Haxxit.MonoGame.Content\Haxxit.MonoGame.Content\Haxxit.MonoGame.Content.contentproj", "{0ACE3CC4-8A5F-40F1-9F99-DF1C8361C137}"
EndProject
Global
	GlobalSection(TestCaseManagementSettings) = postSolution
		CategoryFile = Haxxit.vsmdi
	EndGlobalSection
	GlobalSection(SolutionConfigurationPlatforms) = preSolution
		Android|Any CPU = Android|Any CPU
		Android|Mixed Platforms = Android|Mixed Platforms
		Android|x86 = Android|x86
		Debug|Any CPU = Debug|Any CPU
		Debug|Mixed Platforms = Debug|Mixed Platforms
		Debug|x86 = Debug|x86
		iOS|Any CPU = iOS|Any CPU
		iOS|Mixed Platforms = iOS|Mixed Platforms
		iOS|x86 = iOS|x86
		Linux|Any CPU = Linux|Any CPU
		Linux|Mixed Platforms = Linux|Mixed Platforms
		Linux|x86 = Linux|x86
		OSX|Any CPU = OSX|Any CPU
		OSX|Mixed Platforms = OSX|Mixed Platforms
		OSX|x86 = OSX|x86
		PSM|Any CPU = PSM|Any CPU
		PSM|Mixed Platforms = PSM|Mixed Platforms
		PSM|x86 = PSM|x86
		Release|Any CPU = Release|Any CPU
		Release|Mixed Platforms = Release|Mixed Platforms
		Release|x86 = Release|x86
		Windows|Any CPU = Windows|Any CPU
		Windows|Mixed Platforms = Windows|Mixed Platforms
		Windows|x86 = Windows|x86
		Windows8|Any CPU = Windows8|Any CPU
		Windows8|Mixed Platforms = Windows8|Mixed Platforms
		Windows8|x86 = Windows8|x86
	EndGlobalSection
	GlobalSection(ProjectConfigurationPlatforms) = postSolution
		{B01910C1-6F35-4467-ACF4-3E4832C49840}.Android|Any CPU.ActiveCfg = Release|Any CPU
		{B01910C1-6F35-4467-ACF4-3E4832C49840}.Android|Any CPU.Build.0 = Release|Any CPU
		{B01910C1-6F35-4467-ACF4-3E4832C49840}.Android|Mixed Platforms.ActiveCfg = Release|Any CPU
		{B01910C1-6F35-4467-ACF4-3E4832C49840}.Android|Mixed Platforms.Build.0 = Release|Any CPU
		{B01910C1-6F35-4467-ACF4-3E4832C49840}.Android|x86.ActiveCfg = Release|Any CPU
		{B01910C1-6F35-4467-ACF4-3E4832C49840}.Debug|Any CPU.ActiveCfg = Debug|Any CPU
		{B01910C1-6F35-4467-ACF4-3E4832C49840}.Debug|Any CPU.Build.0 = Debug|Any CPU
		{B01910C1-6F35-4467-ACF4-3E4832C49840}.Debug|Mixed Platforms.ActiveCfg = Debug|Any CPU
		{B01910C1-6F35-4467-ACF4-3E4832C49840}.Debug|Mixed Platforms.Build.0 = Debug|Any CPU
		{B01910C1-6F35-4467-ACF4-3E4832C49840}.Debug|x86.ActiveCfg = Debug|Any CPU
		{B01910C1-6F35-4467-ACF4-3E4832C49840}.iOS|Any CPU.ActiveCfg = Release|Any CPU
		{B01910C1-6F35-4467-ACF4-3E4832C49840}.iOS|Any CPU.Build.0 = Release|Any CPU
		{B01910C1-6F35-4467-ACF4-3E4832C49840}.iOS|Mixed Platforms.ActiveCfg = Release|Any CPU
		{B01910C1-6F35-4467-ACF4-3E4832C49840}.iOS|Mixed Platforms.Build.0 = Release|Any CPU
		{B01910C1-6F35-4467-ACF4-3E4832C49840}.iOS|x86.ActiveCfg = Release|Any CPU
		{B01910C1-6F35-4467-ACF4-3E4832C49840}.Linux|Any CPU.ActiveCfg = Release|Any CPU
		{B01910C1-6F35-4467-ACF4-3E4832C49840}.Linux|Any CPU.Build.0 = Release|Any CPU
		{B01910C1-6F35-4467-ACF4-3E4832C49840}.Linux|Mixed Platforms.ActiveCfg = Release|Any CPU
		{B01910C1-6F35-4467-ACF4-3E4832C49840}.Linux|Mixed Platforms.Build.0 = Release|Any CPU
		{B01910C1-6F35-4467-ACF4-3E4832C49840}.Linux|x86.ActiveCfg = Release|Any CPU
		{B01910C1-6F35-4467-ACF4-3E4832C49840}.OSX|Any CPU.ActiveCfg = Release|Any CPU
		{B01910C1-6F35-4467-ACF4-3E4832C49840}.OSX|Any CPU.Build.0 = Release|Any CPU
		{B01910C1-6F35-4467-ACF4-3E4832C49840}.OSX|Mixed Platforms.ActiveCfg = Release|Any CPU
		{B01910C1-6F35-4467-ACF4-3E4832C49840}.OSX|Mixed Platforms.Build.0 = Release|Any CPU
		{B01910C1-6F35-4467-ACF4-3E4832C49840}.OSX|x86.ActiveCfg = Release|Any CPU
		{B01910C1-6F35-4467-ACF4-3E4832C49840}.PSM|Any CPU.ActiveCfg = Release|Any CPU
		{B01910C1-6F35-4467-ACF4-3E4832C49840}.PSM|Any CPU.Build.0 = Release|Any CPU
		{B01910C1-6F35-4467-ACF4-3E4832C49840}.PSM|Mixed Platforms.ActiveCfg = Release|Any CPU
		{B01910C1-6F35-4467-ACF4-3E4832C49840}.PSM|Mixed Platforms.Build.0 = Release|Any CPU
		{B01910C1-6F35-4467-ACF4-3E4832C49840}.PSM|x86.ActiveCfg = Release|Any CPU
		{B01910C1-6F35-4467-ACF4-3E4832C49840}.Release|Any CPU.ActiveCfg = Release|Any CPU
		{B01910C1-6F35-4467-ACF4-3E4832C49840}.Release|Any CPU.Build.0 = Release|Any CPU
		{B01910C1-6F35-4467-ACF4-3E4832C49840}.Release|Mixed Platforms.ActiveCfg = Release|Any CPU
		{B01910C1-6F35-4467-ACF4-3E4832C49840}.Release|Mixed Platforms.Build.0 = Release|Any CPU
		{B01910C1-6F35-4467-ACF4-3E4832C49840}.Release|x86.ActiveCfg = Release|Any CPU
		{B01910C1-6F35-4467-ACF4-3E4832C49840}.Windows|Any CPU.ActiveCfg = Release|Any CPU
		{B01910C1-6F35-4467-ACF4-3E4832C49840}.Windows|Any CPU.Build.0 = Release|Any CPU
		{B01910C1-6F35-4467-ACF4-3E4832C49840}.Windows|Mixed Platforms.ActiveCfg = Release|Any CPU
		{B01910C1-6F35-4467-ACF4-3E4832C49840}.Windows|Mixed Platforms.Build.0 = Release|Any CPU
		{B01910C1-6F35-4467-ACF4-3E4832C49840}.Windows|x86.ActiveCfg = Release|Any CPU
		{B01910C1-6F35-4467-ACF4-3E4832C49840}.Windows8|Any CPU.ActiveCfg = Release|Any CPU
		{B01910C1-6F35-4467-ACF4-3E4832C49840}.Windows8|Any CPU.Build.0 = Release|Any CPU
		{B01910C1-6F35-4467-ACF4-3E4832C49840}.Windows8|Mixed Platforms.ActiveCfg = Release|Any CPU
		{B01910C1-6F35-4467-ACF4-3E4832C49840}.Windows8|Mixed Platforms.Build.0 = Release|Any CPU
		{B01910C1-6F35-4467-ACF4-3E4832C49840}.Windows8|x86.ActiveCfg = Release|Any CPU
		{19C517C2-ED2E-4B41-B486-4430869723AB}.Android|Any CPU.ActiveCfg = Release|Any CPU
		{19C517C2-ED2E-4B41-B486-4430869723AB}.Android|Any CPU.Build.0 = Release|Any CPU
		{19C517C2-ED2E-4B41-B486-4430869723AB}.Android|Mixed Platforms.ActiveCfg = Release|Any CPU
		{19C517C2-ED2E-4B41-B486-4430869723AB}.Android|Mixed Platforms.Build.0 = Release|Any CPU
		{19C517C2-ED2E-4B41-B486-4430869723AB}.Android|x86.ActiveCfg = Release|Any CPU
		{19C517C2-ED2E-4B41-B486-4430869723AB}.Debug|Any CPU.ActiveCfg = Debug|Any CPU
		{19C517C2-ED2E-4B41-B486-4430869723AB}.Debug|Any CPU.Build.0 = Debug|Any CPU
		{19C517C2-ED2E-4B41-B486-4430869723AB}.Debug|Mixed Platforms.ActiveCfg = Debug|Any CPU
		{19C517C2-ED2E-4B41-B486-4430869723AB}.Debug|Mixed Platforms.Build.0 = Debug|Any CPU
		{19C517C2-ED2E-4B41-B486-4430869723AB}.Debug|x86.ActiveCfg = Debug|Any CPU
		{19C517C2-ED2E-4B41-B486-4430869723AB}.iOS|Any CPU.ActiveCfg = Release|Any CPU
		{19C517C2-ED2E-4B41-B486-4430869723AB}.iOS|Any CPU.Build.0 = Release|Any CPU
		{19C517C2-ED2E-4B41-B486-4430869723AB}.iOS|Mixed Platforms.ActiveCfg = Release|Any CPU
		{19C517C2-ED2E-4B41-B486-4430869723AB}.iOS|Mixed Platforms.Build.0 = Release|Any CPU
		{19C517C2-ED2E-4B41-B486-4430869723AB}.iOS|x86.ActiveCfg = Release|Any CPU
		{19C517C2-ED2E-4B41-B486-4430869723AB}.Linux|Any CPU.ActiveCfg = Release|Any CPU
		{19C517C2-ED2E-4B41-B486-4430869723AB}.Linux|Any CPU.Build.0 = Release|Any CPU
		{19C517C2-ED2E-4B41-B486-4430869723AB}.Linux|Mixed Platforms.ActiveCfg = Release|Any CPU
		{19C517C2-ED2E-4B41-B486-4430869723AB}.Linux|Mixed Platforms.Build.0 = Release|Any CPU
		{19C517C2-ED2E-4B41-B486-4430869723AB}.Linux|x86.ActiveCfg = Release|Any CPU
		{19C517C2-ED2E-4B41-B486-4430869723AB}.OSX|Any CPU.ActiveCfg = Release|Any CPU
		{19C517C2-ED2E-4B41-B486-4430869723AB}.OSX|Any CPU.Build.0 = Release|Any CPU
		{19C517C2-ED2E-4B41-B486-4430869723AB}.OSX|Mixed Platforms.ActiveCfg = Release|Any CPU
		{19C517C2-ED2E-4B41-B486-4430869723AB}.OSX|Mixed Platforms.Build.0 = Release|Any CPU
		{19C517C2-ED2E-4B41-B486-4430869723AB}.OSX|x86.ActiveCfg = Release|Any CPU
		{19C517C2-ED2E-4B41-B486-4430869723AB}.PSM|Any CPU.ActiveCfg = Release|Any CPU
		{19C517C2-ED2E-4B41-B486-4430869723AB}.PSM|Any CPU.Build.0 = Release|Any CPU
		{19C517C2-ED2E-4B41-B486-4430869723AB}.PSM|Mixed Platforms.ActiveCfg = Release|Any CPU
		{19C517C2-ED2E-4B41-B486-4430869723AB}.PSM|Mixed Platforms.Build.0 = Release|Any CPU
		{19C517C2-ED2E-4B41-B486-4430869723AB}.PSM|x86.ActiveCfg = Release|Any CPU
		{19C517C2-ED2E-4B41-B486-4430869723AB}.Release|Any CPU.ActiveCfg = Release|Any CPU
		{19C517C2-ED2E-4B41-B486-4430869723AB}.Release|Any CPU.Build.0 = Release|Any CPU
		{19C517C2-ED2E-4B41-B486-4430869723AB}.Release|Mixed Platforms.ActiveCfg = Release|Any CPU
		{19C517C2-ED2E-4B41-B486-4430869723AB}.Release|Mixed Platforms.Build.0 = Release|Any CPU
		{19C517C2-ED2E-4B41-B486-4430869723AB}.Release|x86.ActiveCfg = Release|Any CPU
		{19C517C2-ED2E-4B41-B486-4430869723AB}.Windows|Any CPU.ActiveCfg = Release|Any CPU
		{19C517C2-ED2E-4B41-B486-4430869723AB}.Windows|Any CPU.Build.0 = Release|Any CPU
		{19C517C2-ED2E-4B41-B486-4430869723AB}.Windows|Mixed Platforms.ActiveCfg = Release|Any CPU
		{19C517C2-ED2E-4B41-B486-4430869723AB}.Windows|Mixed Platforms.Build.0 = Release|Any CPU
		{19C517C2-ED2E-4B41-B486-4430869723AB}.Windows|x86.ActiveCfg = Release|Any CPU
		{19C517C2-ED2E-4B41-B486-4430869723AB}.Windows8|Any CPU.ActiveCfg = Release|Any CPU
		{19C517C2-ED2E-4B41-B486-4430869723AB}.Windows8|Any CPU.Build.0 = Release|Any CPU
		{19C517C2-ED2E-4B41-B486-4430869723AB}.Windows8|Mixed Platforms.ActiveCfg = Release|Any CPU
		{19C517C2-ED2E-4B41-B486-4430869723AB}.Windows8|Mixed Platforms.Build.0 = Release|Any CPU
		{19C517C2-ED2E-4B41-B486-4430869723AB}.Windows8|x86.ActiveCfg = Release|Any CPU
		{84E2B675-787B-4852-AD63-4CE28F4DEC6C}.Android|Any CPU.ActiveCfg = Release|Any CPU
		{84E2B675-787B-4852-AD63-4CE28F4DEC6C}.Android|Any CPU.Build.0 = Release|Any CPU
		{84E2B675-787B-4852-AD63-4CE28F4DEC6C}.Android|Mixed Platforms.ActiveCfg = Release|Any CPU
		{84E2B675-787B-4852-AD63-4CE28F4DEC6C}.Android|Mixed Platforms.Build.0 = Release|Any CPU
		{84E2B675-787B-4852-AD63-4CE28F4DEC6C}.Android|x86.ActiveCfg = Release|Any CPU
		{84E2B675-787B-4852-AD63-4CE28F4DEC6C}.Debug|Any CPU.ActiveCfg = Debug|Any CPU
		{84E2B675-787B-4852-AD63-4CE28F4DEC6C}.Debug|Any CPU.Build.0 = Debug|Any CPU
		{84E2B675-787B-4852-AD63-4CE28F4DEC6C}.Debug|Mixed Platforms.ActiveCfg = Debug|Any CPU
		{84E2B675-787B-4852-AD63-4CE28F4DEC6C}.Debug|Mixed Platforms.Build.0 = Debug|Any CPU
		{84E2B675-787B-4852-AD63-4CE28F4DEC6C}.Debug|x86.ActiveCfg = Debug|Any CPU
		{84E2B675-787B-4852-AD63-4CE28F4DEC6C}.iOS|Any CPU.ActiveCfg = Release|Any CPU
		{84E2B675-787B-4852-AD63-4CE28F4DEC6C}.iOS|Any CPU.Build.0 = Release|Any CPU
		{84E2B675-787B-4852-AD63-4CE28F4DEC6C}.iOS|Mixed Platforms.ActiveCfg = Release|Any CPU
		{84E2B675-787B-4852-AD63-4CE28F4DEC6C}.iOS|Mixed Platforms.Build.0 = Release|Any CPU
		{84E2B675-787B-4852-AD63-4CE28F4DEC6C}.iOS|x86.ActiveCfg = Release|Any CPU
		{84E2B675-787B-4852-AD63-4CE28F4DEC6C}.Linux|Any CPU.ActiveCfg = Release|Any CPU
		{84E2B675-787B-4852-AD63-4CE28F4DEC6C}.Linux|Any CPU.Build.0 = Release|Any CPU
		{84E2B675-787B-4852-AD63-4CE28F4DEC6C}.Linux|Mixed Platforms.ActiveCfg = Release|Any CPU
		{84E2B675-787B-4852-AD63-4CE28F4DEC6C}.Linux|Mixed Platforms.Build.0 = Release|Any CPU
		{84E2B675-787B-4852-AD63-4CE28F4DEC6C}.Linux|x86.ActiveCfg = Release|Any CPU
		{84E2B675-787B-4852-AD63-4CE28F4DEC6C}.OSX|Any CPU.ActiveCfg = Release|Any CPU
		{84E2B675-787B-4852-AD63-4CE28F4DEC6C}.OSX|Any CPU.Build.0 = Release|Any CPU
		{84E2B675-787B-4852-AD63-4CE28F4DEC6C}.OSX|Mixed Platforms.ActiveCfg = Release|Any CPU
		{84E2B675-787B-4852-AD63-4CE28F4DEC6C}.OSX|Mixed Platforms.Build.0 = Release|Any CPU
		{84E2B675-787B-4852-AD63-4CE28F4DEC6C}.OSX|x86.ActiveCfg = Release|Any CPU
		{84E2B675-787B-4852-AD63-4CE28F4DEC6C}.PSM|Any CPU.ActiveCfg = Release|Any CPU
		{84E2B675-787B-4852-AD63-4CE28F4DEC6C}.PSM|Any CPU.Build.0 = Release|Any CPU
		{84E2B675-787B-4852-AD63-4CE28F4DEC6C}.PSM|Mixed Platforms.ActiveCfg = Release|Any CPU
		{84E2B675-787B-4852-AD63-4CE28F4DEC6C}.PSM|Mixed Platforms.Build.0 = Release|Any CPU
		{84E2B675-787B-4852-AD63-4CE28F4DEC6C}.PSM|x86.ActiveCfg = Release|Any CPU
		{84E2B675-787B-4852-AD63-4CE28F4DEC6C}.Release|Any CPU.ActiveCfg = Release|Any CPU
		{84E2B675-787B-4852-AD63-4CE28F4DEC6C}.Release|Any CPU.Build.0 = Release|Any CPU
		{84E2B675-787B-4852-AD63-4CE28F4DEC6C}.Release|Mixed Platforms.ActiveCfg = Release|Any CPU
		{84E2B675-787B-4852-AD63-4CE28F4DEC6C}.Release|Mixed Platforms.Build.0 = Release|Any CPU
		{84E2B675-787B-4852-AD63-4CE28F4DEC6C}.Release|x86.ActiveCfg = Release|Any CPU
		{84E2B675-787B-4852-AD63-4CE28F4DEC6C}.Windows|Any CPU.ActiveCfg = Release|Any CPU
		{84E2B675-787B-4852-AD63-4CE28F4DEC6C}.Windows|Any CPU.Build.0 = Release|Any CPU
		{84E2B675-787B-4852-AD63-4CE28F4DEC6C}.Windows|Mixed Platforms.ActiveCfg = Release|Any CPU
		{84E2B675-787B-4852-AD63-4CE28F4DEC6C}.Windows|Mixed Platforms.Build.0 = Release|Any CPU
		{84E2B675-787B-4852-AD63-4CE28F4DEC6C}.Windows|x86.ActiveCfg = Release|Any CPU
		{84E2B675-787B-4852-AD63-4CE28F4DEC6C}.Windows8|Any CPU.ActiveCfg = Release|Any CPU
		{84E2B675-787B-4852-AD63-4CE28F4DEC6C}.Windows8|Any CPU.Build.0 = Release|Any CPU
		{84E2B675-787B-4852-AD63-4CE28F4DEC6C}.Windows8|Mixed Platforms.ActiveCfg = Release|Any CPU
		{84E2B675-787B-4852-AD63-4CE28F4DEC6C}.Windows8|Mixed Platforms.Build.0 = Release|Any CPU
		{84E2B675-787B-4852-AD63-4CE28F4DEC6C}.Windows8|x86.ActiveCfg = Release|Any CPU
		{10E730E3-F5A7-402F-A3B2-7479E149E884}.Android|Any CPU.ActiveCfg = Release|Any CPU
		{10E730E3-F5A7-402F-A3B2-7479E149E884}.Android|Any CPU.Build.0 = Release|Any CPU
		{10E730E3-F5A7-402F-A3B2-7479E149E884}.Android|Mixed Platforms.ActiveCfg = Release|Any CPU
		{10E730E3-F5A7-402F-A3B2-7479E149E884}.Android|Mixed Platforms.Build.0 = Release|Any CPU
		{10E730E3-F5A7-402F-A3B2-7479E149E884}.Android|x86.ActiveCfg = Release|Any CPU
		{10E730E3-F5A7-402F-A3B2-7479E149E884}.Debug|Any CPU.ActiveCfg = Debug|Any CPU
		{10E730E3-F5A7-402F-A3B2-7479E149E884}.Debug|Any CPU.Build.0 = Debug|Any CPU
		{10E730E3-F5A7-402F-A3B2-7479E149E884}.Debug|Mixed Platforms.ActiveCfg = Debug|Any CPU
		{10E730E3-F5A7-402F-A3B2-7479E149E884}.Debug|Mixed Platforms.Build.0 = Debug|Any CPU
		{10E730E3-F5A7-402F-A3B2-7479E149E884}.Debug|x86.ActiveCfg = Debug|Any CPU
		{10E730E3-F5A7-402F-A3B2-7479E149E884}.iOS|Any CPU.ActiveCfg = Release|Any CPU
		{10E730E3-F5A7-402F-A3B2-7479E149E884}.iOS|Any CPU.Build.0 = Release|Any CPU
		{10E730E3-F5A7-402F-A3B2-7479E149E884}.iOS|Mixed Platforms.ActiveCfg = Release|Any CPU
		{10E730E3-F5A7-402F-A3B2-7479E149E884}.iOS|Mixed Platforms.Build.0 = Release|Any CPU
		{10E730E3-F5A7-402F-A3B2-7479E149E884}.iOS|x86.ActiveCfg = Release|Any CPU
		{10E730E3-F5A7-402F-A3B2-7479E149E884}.Linux|Any CPU.ActiveCfg = Release|Any CPU
		{10E730E3-F5A7-402F-A3B2-7479E149E884}.Linux|Any CPU.Build.0 = Release|Any CPU
		{10E730E3-F5A7-402F-A3B2-7479E149E884}.Linux|Mixed Platforms.ActiveCfg = Release|Any CPU
		{10E730E3-F5A7-402F-A3B2-7479E149E884}.Linux|Mixed Platforms.Build.0 = Release|Any CPU
		{10E730E3-F5A7-402F-A3B2-7479E149E884}.Linux|x86.ActiveCfg = Release|Any CPU
		{10E730E3-F5A7-402F-A3B2-7479E149E884}.OSX|Any CPU.ActiveCfg = Release|Any CPU
		{10E730E3-F5A7-402F-A3B2-7479E149E884}.OSX|Any CPU.Build.0 = Release|Any CPU
		{10E730E3-F5A7-402F-A3B2-7479E149E884}.OSX|Mixed Platforms.ActiveCfg = Release|Any CPU
		{10E730E3-F5A7-402F-A3B2-7479E149E884}.OSX|Mixed Platforms.Build.0 = Release|Any CPU
		{10E730E3-F5A7-402F-A3B2-7479E149E884}.OSX|x86.ActiveCfg = Release|Any CPU
		{10E730E3-F5A7-402F-A3B2-7479E149E884}.PSM|Any CPU.ActiveCfg = Release|Any CPU
		{10E730E3-F5A7-402F-A3B2-7479E149E884}.PSM|Any CPU.Build.0 = Release|Any CPU
		{10E730E3-F5A7-402F-A3B2-7479E149E884}.PSM|Mixed Platforms.ActiveCfg = Release|Any CPU
		{10E730E3-F5A7-402F-A3B2-7479E149E884}.PSM|Mixed Platforms.Build.0 = Release|Any CPU
		{10E730E3-F5A7-402F-A3B2-7479E149E884}.PSM|x86.ActiveCfg = Release|Any CPU
		{10E730E3-F5A7-402F-A3B2-7479E149E884}.Release|Any CPU.ActiveCfg = Release|Any CPU
		{10E730E3-F5A7-402F-A3B2-7479E149E884}.Release|Any CPU.Build.0 = Release|Any CPU
		{10E730E3-F5A7-402F-A3B2-7479E149E884}.Release|Mixed Platforms.ActiveCfg = Release|Any CPU
		{10E730E3-F5A7-402F-A3B2-7479E149E884}.Release|Mixed Platforms.Build.0 = Release|Any CPU
		{10E730E3-F5A7-402F-A3B2-7479E149E884}.Release|x86.ActiveCfg = Release|Any CPU
		{10E730E3-F5A7-402F-A3B2-7479E149E884}.Windows|Any CPU.ActiveCfg = Release|Any CPU
		{10E730E3-F5A7-402F-A3B2-7479E149E884}.Windows|Any CPU.Build.0 = Release|Any CPU
		{10E730E3-F5A7-402F-A3B2-7479E149E884}.Windows|Mixed Platforms.ActiveCfg = Release|Any CPU
		{10E730E3-F5A7-402F-A3B2-7479E149E884}.Windows|Mixed Platforms.Build.0 = Release|Any CPU
		{10E730E3-F5A7-402F-A3B2-7479E149E884}.Windows|x86.ActiveCfg = Release|Any CPU
		{10E730E3-F5A7-402F-A3B2-7479E149E884}.Windows8|Any CPU.ActiveCfg = Release|Any CPU
		{10E730E3-F5A7-402F-A3B2-7479E149E884}.Windows8|Any CPU.Build.0 = Release|Any CPU
		{10E730E3-F5A7-402F-A3B2-7479E149E884}.Windows8|Mixed Platforms.ActiveCfg = Release|Any CPU
		{10E730E3-F5A7-402F-A3B2-7479E149E884}.Windows8|Mixed Platforms.Build.0 = Release|Any CPU
		{10E730E3-F5A7-402F-A3B2-7479E149E884}.Windows8|x86.ActiveCfg = Release|Any CPU
		{85DCC313-9BE8-485F-AAF2-96B80FCD2854}.Android|Any CPU.ActiveCfg = Release|x86
		{85DCC313-9BE8-485F-AAF2-96B80FCD2854}.Android|Mixed Platforms.ActiveCfg = Release|x86
		{85DCC313-9BE8-485F-AAF2-96B80FCD2854}.Android|Mixed Platforms.Build.0 = Release|x86
		{85DCC313-9BE8-485F-AAF2-96B80FCD2854}.Android|x86.ActiveCfg = Release|x86
		{85DCC313-9BE8-485F-AAF2-96B80FCD2854}.Android|x86.Build.0 = Release|x86
		{85DCC313-9BE8-485F-AAF2-96B80FCD2854}.Debug|Any CPU.ActiveCfg = Debug|x86
		{85DCC313-9BE8-485F-AAF2-96B80FCD2854}.Debug|Mixed Platforms.ActiveCfg = Debug|x86
		{85DCC313-9BE8-485F-AAF2-96B80FCD2854}.Debug|Mixed Platforms.Build.0 = Debug|x86
		{85DCC313-9BE8-485F-AAF2-96B80FCD2854}.Debug|x86.ActiveCfg = Debug|x86
		{85DCC313-9BE8-485F-AAF2-96B80FCD2854}.Debug|x86.Build.0 = Debug|x86
		{85DCC313-9BE8-485F-AAF2-96B80FCD2854}.iOS|Any CPU.ActiveCfg = Release|x86
		{85DCC313-9BE8-485F-AAF2-96B80FCD2854}.iOS|Mixed Platforms.ActiveCfg = Release|x86
		{85DCC313-9BE8-485F-AAF2-96B80FCD2854}.iOS|Mixed Platforms.Build.0 = Release|x86
		{85DCC313-9BE8-485F-AAF2-96B80FCD2854}.iOS|x86.ActiveCfg = Release|x86
		{85DCC313-9BE8-485F-AAF2-96B80FCD2854}.iOS|x86.Build.0 = Release|x86
		{85DCC313-9BE8-485F-AAF2-96B80FCD2854}.Linux|Any CPU.ActiveCfg = Release|x86
		{85DCC313-9BE8-485F-AAF2-96B80FCD2854}.Linux|Mixed Platforms.ActiveCfg = Release|x86
		{85DCC313-9BE8-485F-AAF2-96B80FCD2854}.Linux|Mixed Platforms.Build.0 = Release|x86
		{85DCC313-9BE8-485F-AAF2-96B80FCD2854}.Linux|x86.ActiveCfg = Release|x86
		{85DCC313-9BE8-485F-AAF2-96B80FCD2854}.Linux|x86.Build.0 = Release|x86
		{85DCC313-9BE8-485F-AAF2-96B80FCD2854}.OSX|Any CPU.ActiveCfg = Release|x86
		{85DCC313-9BE8-485F-AAF2-96B80FCD2854}.OSX|Mixed Platforms.ActiveCfg = Release|x86
		{85DCC313-9BE8-485F-AAF2-96B80FCD2854}.OSX|Mixed Platforms.Build.0 = Release|x86
		{85DCC313-9BE8-485F-AAF2-96B80FCD2854}.OSX|x86.ActiveCfg = Release|x86
		{85DCC313-9BE8-485F-AAF2-96B80FCD2854}.OSX|x86.Build.0 = Release|x86
		{85DCC313-9BE8-485F-AAF2-96B80FCD2854}.PSM|Any CPU.ActiveCfg = Release|x86
		{85DCC313-9BE8-485F-AAF2-96B80FCD2854}.PSM|Mixed Platforms.ActiveCfg = Release|x86
		{85DCC313-9BE8-485F-AAF2-96B80FCD2854}.PSM|Mixed Platforms.Build.0 = Release|x86
		{85DCC313-9BE8-485F-AAF2-96B80FCD2854}.PSM|x86.ActiveCfg = Release|x86
		{85DCC313-9BE8-485F-AAF2-96B80FCD2854}.PSM|x86.Build.0 = Release|x86
		{85DCC313-9BE8-485F-AAF2-96B80FCD2854}.Release|Any CPU.ActiveCfg = Release|x86
		{85DCC313-9BE8-485F-AAF2-96B80FCD2854}.Release|Mixed Platforms.ActiveCfg = Release|x86
		{85DCC313-9BE8-485F-AAF2-96B80FCD2854}.Release|Mixed Platforms.Build.0 = Release|x86
		{85DCC313-9BE8-485F-AAF2-96B80FCD2854}.Release|x86.ActiveCfg = Release|x86
		{85DCC313-9BE8-485F-AAF2-96B80FCD2854}.Release|x86.Build.0 = Release|x86
		{85DCC313-9BE8-485F-AAF2-96B80FCD2854}.Windows|Any CPU.ActiveCfg = Release|x86
		{85DCC313-9BE8-485F-AAF2-96B80FCD2854}.Windows|Mixed Platforms.ActiveCfg = Release|x86
		{85DCC313-9BE8-485F-AAF2-96B80FCD2854}.Windows|Mixed Platforms.Build.0 = Release|x86
		{85DCC313-9BE8-485F-AAF2-96B80FCD2854}.Windows|x86.ActiveCfg = Release|x86
		{85DCC313-9BE8-485F-AAF2-96B80FCD2854}.Windows|x86.Build.0 = Release|x86
		{85DCC313-9BE8-485F-AAF2-96B80FCD2854}.Windows8|Any CPU.ActiveCfg = Release|x86
		{85DCC313-9BE8-485F-AAF2-96B80FCD2854}.Windows8|Mixed Platforms.ActiveCfg = Release|x86
		{85DCC313-9BE8-485F-AAF2-96B80FCD2854}.Windows8|Mixed Platforms.Build.0 = Release|x86
		{85DCC313-9BE8-485F-AAF2-96B80FCD2854}.Windows8|x86.ActiveCfg = Release|x86
		{85DCC313-9BE8-485F-AAF2-96B80FCD2854}.Windows8|x86.Build.0 = Release|x86
		{729F371C-58A3-43C3-967A-AC912F98E65C}.Android|Any CPU.ActiveCfg = Android|Any CPU
		{729F371C-58A3-43C3-967A-AC912F98E65C}.Android|Any CPU.Build.0 = Android|Any CPU
		{729F371C-58A3-43C3-967A-AC912F98E65C}.Android|Mixed Platforms.ActiveCfg = Android|Any CPU
		{729F371C-58A3-43C3-967A-AC912F98E65C}.Android|Mixed Platforms.Build.0 = Android|Any CPU
		{729F371C-58A3-43C3-967A-AC912F98E65C}.Android|x86.ActiveCfg = Android|Any CPU
		{729F371C-58A3-43C3-967A-AC912F98E65C}.Debug|Any CPU.ActiveCfg = PSM|Any CPU
		{729F371C-58A3-43C3-967A-AC912F98E65C}.Debug|Any CPU.Build.0 = PSM|Any CPU
		{729F371C-58A3-43C3-967A-AC912F98E65C}.Debug|Mixed Platforms.ActiveCfg = PSM|Any CPU
		{729F371C-58A3-43C3-967A-AC912F98E65C}.Debug|Mixed Platforms.Build.0 = PSM|Any CPU
		{729F371C-58A3-43C3-967A-AC912F98E65C}.Debug|x86.ActiveCfg = PSM|Any CPU
		{729F371C-58A3-43C3-967A-AC912F98E65C}.iOS|Any CPU.ActiveCfg = iOS|Any CPU
		{729F371C-58A3-43C3-967A-AC912F98E65C}.iOS|Any CPU.Build.0 = iOS|Any CPU
		{729F371C-58A3-43C3-967A-AC912F98E65C}.iOS|Mixed Platforms.ActiveCfg = iOS|Any CPU
		{729F371C-58A3-43C3-967A-AC912F98E65C}.iOS|Mixed Platforms.Build.0 = iOS|Any CPU
		{729F371C-58A3-43C3-967A-AC912F98E65C}.iOS|x86.ActiveCfg = iOS|Any CPU
		{729F371C-58A3-43C3-967A-AC912F98E65C}.Linux|Any CPU.ActiveCfg = Linux|Any CPU
		{729F371C-58A3-43C3-967A-AC912F98E65C}.Linux|Any CPU.Build.0 = Linux|Any CPU
		{729F371C-58A3-43C3-967A-AC912F98E65C}.Linux|Mixed Platforms.ActiveCfg = Linux|Any CPU
		{729F371C-58A3-43C3-967A-AC912F98E65C}.Linux|Mixed Platforms.Build.0 = Linux|Any CPU
		{729F371C-58A3-43C3-967A-AC912F98E65C}.Linux|x86.ActiveCfg = Linux|Any CPU
		{729F371C-58A3-43C3-967A-AC912F98E65C}.OSX|Any CPU.ActiveCfg = OSX|Any CPU
		{729F371C-58A3-43C3-967A-AC912F98E65C}.OSX|Any CPU.Build.0 = OSX|Any CPU
		{729F371C-58A3-43C3-967A-AC912F98E65C}.OSX|Mixed Platforms.ActiveCfg = OSX|Any CPU
		{729F371C-58A3-43C3-967A-AC912F98E65C}.OSX|Mixed Platforms.Build.0 = OSX|Any CPU
		{729F371C-58A3-43C3-967A-AC912F98E65C}.OSX|x86.ActiveCfg = OSX|Any CPU
		{729F371C-58A3-43C3-967A-AC912F98E65C}.PSM|Any CPU.ActiveCfg = PSM|Any CPU
		{729F371C-58A3-43C3-967A-AC912F98E65C}.PSM|Any CPU.Build.0 = PSM|Any CPU
		{729F371C-58A3-43C3-967A-AC912F98E65C}.PSM|Mixed Platforms.ActiveCfg = PSM|Any CPU
		{729F371C-58A3-43C3-967A-AC912F98E65C}.PSM|Mixed Platforms.Build.0 = PSM|Any CPU
		{729F371C-58A3-43C3-967A-AC912F98E65C}.PSM|x86.ActiveCfg = PSM|Any CPU
		{729F371C-58A3-43C3-967A-AC912F98E65C}.Release|Any CPU.ActiveCfg = PSM|Any CPU
		{729F371C-58A3-43C3-967A-AC912F98E65C}.Release|Any CPU.Build.0 = PSM|Any CPU
		{729F371C-58A3-43C3-967A-AC912F98E65C}.Release|Mixed Platforms.ActiveCfg = PSM|Any CPU
		{729F371C-58A3-43C3-967A-AC912F98E65C}.Release|Mixed Platforms.Build.0 = PSM|Any CPU
		{729F371C-58A3-43C3-967A-AC912F98E65C}.Release|x86.ActiveCfg = PSM|Any CPU
		{729F371C-58A3-43C3-967A-AC912F98E65C}.Windows|Any CPU.ActiveCfg = Windows|Any CPU
		{729F371C-58A3-43C3-967A-AC912F98E65C}.Windows|Any CPU.Build.0 = Windows|Any CPU
		{729F371C-58A3-43C3-967A-AC912F98E65C}.Windows|Mixed Platforms.ActiveCfg = Windows|Any CPU
		{729F371C-58A3-43C3-967A-AC912F98E65C}.Windows|Mixed Platforms.Build.0 = Windows|Any CPU
		{729F371C-58A3-43C3-967A-AC912F98E65C}.Windows|x86.ActiveCfg = Windows|Any CPU
		{729F371C-58A3-43C3-967A-AC912F98E65C}.Windows8|Any CPU.ActiveCfg = Windows8|Any CPU
		{729F371C-58A3-43C3-967A-AC912F98E65C}.Windows8|Any CPU.Build.0 = Windows8|Any CPU
		{729F371C-58A3-43C3-967A-AC912F98E65C}.Windows8|Mixed Platforms.ActiveCfg = Windows8|Any CPU
		{729F371C-58A3-43C3-967A-AC912F98E65C}.Windows8|Mixed Platforms.Build.0 = Windows8|Any CPU
		{729F371C-58A3-43C3-967A-AC912F98E65C}.Windows8|x86.ActiveCfg = Windows8|Any CPU
		{0ACE3CC4-8A5F-40F1-9F99-DF1C8361C137}.Android|Any CPU.ActiveCfg = Android|Any CPU
		{0ACE3CC4-8A5F-40F1-9F99-DF1C8361C137}.Android|Mixed Platforms.ActiveCfg = Android|Any CPU
		{0ACE3CC4-8A5F-40F1-9F99-DF1C8361C137}.Android|x86.ActiveCfg = Android|Any CPU
		{0ACE3CC4-8A5F-40F1-9F99-DF1C8361C137}.Debug|Any CPU.ActiveCfg = PSM|Any CPU
		{0ACE3CC4-8A5F-40F1-9F99-DF1C8361C137}.Debug|Mixed Platforms.ActiveCfg = PSM|Any CPU
		{0ACE3CC4-8A5F-40F1-9F99-DF1C8361C137}.Debug|x86.ActiveCfg = PSM|Any CPU
		{0ACE3CC4-8A5F-40F1-9F99-DF1C8361C137}.iOS|Any CPU.ActiveCfg = iOS|Any CPU
		{0ACE3CC4-8A5F-40F1-9F99-DF1C8361C137}.iOS|Mixed Platforms.ActiveCfg = iOS|Any CPU
		{0ACE3CC4-8A5F-40F1-9F99-DF1C8361C137}.iOS|x86.ActiveCfg = iOS|Any CPU
		{0ACE3CC4-8A5F-40F1-9F99-DF1C8361C137}.Linux|Any CPU.ActiveCfg = Linux|Any CPU
		{0ACE3CC4-8A5F-40F1-9F99-DF1C8361C137}.Linux|Mixed Platforms.ActiveCfg = Linux|Any CPU
		{0ACE3CC4-8A5F-40F1-9F99-DF1C8361C137}.Linux|x86.ActiveCfg = Linux|Any CPU
		{0ACE3CC4-8A5F-40F1-9F99-DF1C8361C137}.OSX|Any CPU.ActiveCfg = OSX|Any CPU
		{0ACE3CC4-8A5F-40F1-9F99-DF1C8361C137}.OSX|Mixed Platforms.ActiveCfg = OSX|Any CPU
		{0ACE3CC4-8A5F-40F1-9F99-DF1C8361C137}.OSX|x86.ActiveCfg = OSX|Any CPU
		{0ACE3CC4-8A5F-40F1-9F99-DF1C8361C137}.PSM|Any CPU.ActiveCfg = PSM|Any CPU
		{0ACE3CC4-8A5F-40F1-9F99-DF1C8361C137}.PSM|Mixed Platforms.ActiveCfg = PSM|Any CPU
		{0ACE3CC4-8A5F-40F1-9F99-DF1C8361C137}.PSM|x86.ActiveCfg = PSM|Any CPU
		{0ACE3CC4-8A5F-40F1-9F99-DF1C8361C137}.Release|Any CPU.ActiveCfg = PSM|Any CPU
		{0ACE3CC4-8A5F-40F1-9F99-DF1C8361C137}.Release|Mixed Platforms.ActiveCfg = PSM|Any CPU
		{0ACE3CC4-8A5F-40F1-9F99-DF1C8361C137}.Release|x86.ActiveCfg = PSM|Any CPU
		{0ACE3CC4-8A5F-40F1-9F99-DF1C8361C137}.Windows|Any CPU.ActiveCfg = Windows|Any CPU
		{0ACE3CC4-8A5F-40F1-9F99-DF1C8361C137}.Windows|Mixed Platforms.ActiveCfg = Windows|Any CPU
		{0ACE3CC4-8A5F-40F1-9F99-DF1C8361C137}.Windows|x86.ActiveCfg = Windows|Any CPU
		{0ACE3CC4-8A5F-40F1-9F99-DF1C8361C137}.Windows8|Any CPU.ActiveCfg = Windows8|Any CPU
		{0ACE3CC4-8A5F-40F1-9F99-DF1C8361C137}.Windows8|Mixed Platforms.ActiveCfg = Windows8|Any CPU
		{0ACE3CC4-8A5F-40F1-9F99-DF1C8361C137}.Windows8|x86.ActiveCfg = Windows8|Any CPU
	EndGlobalSection
	GlobalSection(SolutionProperties) = preSolution
		HideSolutionNode = FALSE
	EndGlobalSection
EndGlobal
